// !$*UTF8*$!
{
	archiveVersion = 1;
	classes = {
	};
	objectVersion = 50;
	objects = {

/* Begin PBXBuildFile section */
		93B037EE26A747C6007015C2 /* AppDelegate.swift in Sources */ = {isa = PBXBuildFile; fileRef = 93B037ED26A747C6007015C2 /* AppDelegate.swift */; };
		93B037F026A747C6007015C2 /* SceneDelegate.swift in Sources */ = {isa = PBXBuildFile; fileRef = 93B037EF26A747C6007015C2 /* SceneDelegate.swift */; };
		93B037F226A747C6007015C2 /* ViewController.swift in Sources */ = {isa = PBXBuildFile; fileRef = 93B037F126A747C6007015C2 /* ViewController.swift */; };
		93B037F526A747C6007015C2 /* Main.storyboard in Resources */ = {isa = PBXBuildFile; fileRef = 93B037F326A747C6007015C2 /* Main.storyboard */; };
		93B037F726A747C9007015C2 /* Assets.xcassets in Resources */ = {isa = PBXBuildFile; fileRef = 93B037F626A747C9007015C2 /* Assets.xcassets */; };
		93B037FA26A747C9007015C2 /* LaunchScreen.storyboard in Resources */ = {isa = PBXBuildFile; fileRef = 93B037F826A747C9007015C2 /* LaunchScreen.storyboard */; };
		93B0380526A747C9007015C2 /* PreworkTests.swift in Sources */ = {isa = PBXBuildFile; fileRef = 93B0380426A747C9007015C2 /* PreworkTests.swift */; };
		93B0381026A747C9007015C2 /* PreworkUITests.swift in Sources */ = {isa = PBXBuildFile; fileRef = 93B0380F26A747C9007015C2 /* PreworkUITests.swift */; };
/* End PBXBuildFile section */

/* Begin PBXContainerItemProxy section */
		93B0380126A747C9007015C2 /* PBXContainerItemProxy */ = {
			isa = PBXContainerItemProxy;
			containerPortal = 93B037E226A747C5007015C2 /* Project object */;
			proxyType = 1;
			remoteGlobalIDString = 93B037E926A747C5007015C2;
			remoteInfo = Prework;
		};
		93B0380C26A747C9007015C2 /* PBXContainerItemProxy */ = {
			isa = PBXContainerItemProxy;
			containerPortal = 93B037E226A747C5007015C2 /* Project object */;
			proxyType = 1;
			remoteGlobalIDString = 93B037E926A747C5007015C2;
			remoteInfo = Prework;
		};
/* End PBXContainerItemProxy section */

/* Begin PBXFileReference section */
		93B037EA26A747C6007015C2 /* Prework.app */ = {isa = PBXFileReference; explicitFileType = wrapper.application; includeInIndex = 0; path = Prework.app; sourceTree = BUILT_PRODUCTS_DIR; };
		93B037ED26A747C6007015C2 /* AppDelegate.swift */ = {isa = PBXFileReference; lastKnownFileType = sourcecode.swift; path = AppDelegate.swift; sourceTree = "<group>"; };
		93B037EF26A747C6007015C2 /* SceneDelegate.swift */ = {isa = PBXFileReference; lastKnownFileType = sourcecode.swift; path = SceneDelegate.swift; sourceTree = "<group>"; };
		93B037F126A747C6007015C2 /* ViewController.swift */ = {isa = PBXFileReference; lastKnownFileType = sourcecode.swift; path = ViewController.swift; sourceTree = "<group>"; };
		93B037F426A747C6007015C2 /* Base */ = {isa = PBXFileReference; lastKnownFileType = file.storyboard; name = Base; path = Base.lproj/Main.storyboard; sourceTree = "<group>"; };
		93B037F626A747C9007015C2 /* Assets.xcassets */ = {isa = PBXFileReference; lastKnownFileType = folder.assetcatalog; path = Assets.xcassets; sourceTree = "<group>"; };
		93B037F926A747C9007015C2 /* Base */ = {isa = PBXFileReference; lastKnownFileType = file.storyboard; name = Base; path = Base.lproj/LaunchScreen.storyboard; sourceTree = "<group>"; };
		93B037FB26A747C9007015C2 /* Info.plist */ = {isa = PBXFileReference; lastKnownFileType = text.plist.xml; path = Info.plist; sourceTree = "<group>"; };
		93B0380026A747C9007015C2 /* PreworkTests.xctest */ = {isa = PBXFileReference; explicitFileType = wrapper.cfbundle; includeInIndex = 0; path = PreworkTests.xctest; sourceTree = BUILT_PRODUCTS_DIR; };
		93B0380426A747C9007015C2 /* PreworkTests.swift */ = {isa = PBXFileReference; lastKnownFileType = sourcecode.swift; path = PreworkTests.swift; sourceTree = "<group>"; };
		93B0380626A747C9007015C2 /* Info.plist */ = {isa = PBXFileReference; lastKnownFileType = text.plist.xml; path = Info.plist; sourceTree = "<group>"; };
		93B0380B26A747C9007015C2 /* PreworkUITests.xctest */ = {isa = PBXFileReference; explicitFileType = wrapper.cfbundle; includeInIndex = 0; path = PreworkUITests.xctest; sourceTree = BUILT_PRODUCTS_DIR; };
		93B0380F26A747C9007015C2 /* PreworkUITests.swift */ = {isa = PBXFileReference; lastKnownFileType = sourcecode.swift; path = PreworkUITests.swift; sourceTree = "<group>"; };
		93B0381126A747C9007015C2 /* Info.plist */ = {isa = PBXFileReference; lastKnownFileType = text.plist.xml; path = Info.plist; sourceTree = "<group>"; };
/* End PBXFileReference section */

/* Begin PBXFrameworksBuildPhase section */
		93B037E726A747C5007015C2 /* Frameworks */ = {
			isa = PBXFrameworksBuildPhase;
			buildActionMask = 2147483647;
			files = (
			);
			runOnlyForDeploymentPostprocessing = 0;
		};
		93B037FD26A747C9007015C2 /* Frameworks */ = {
			isa = PBXFrameworksBuildPhase;
			buildActionMask = 2147483647;
			files = (
			);
			runOnlyForDeploymentPostprocessing = 0;
		};
		93B0380826A747C9007015C2 /* Frameworks */ = {
			isa = PBXFrameworksBuildPhase;
			buildActionMask = 2147483647;
			files = (
			);
			runOnlyForDeploymentPostprocessing = 0;
		};
/* End PBXFrameworksBuildPhase section */

/* Begin PBXGroup section */
		93B037E126A747C5007015C2 = {
			isa = PBXGroup;
			children = (
				93B037EC26A747C6007015C2 /* Prework */,
				93B0380326A747C9007015C2 /* PreworkTests */,
				93B0380E26A747C9007015C2 /* PreworkUITests */,
				93B037EB26A747C6007015C2 /* Products */,
			);
			sourceTree = "<group>";
		};
		93B037EB26A747C6007015C2 /* Products */ = {
			isa = PBXGroup;
			children = (
				93B037EA26A747C6007015C2 /* Prework.app */,
				93B0380026A747C9007015C2 /* PreworkTests.xctest */,
				93B0380B26A747C9007015C2 /* PreworkUITests.xctest */,
			);
			name = Products;
			sourceTree = "<group>";
		};
		93B037EC26A747C6007015C2 /* Prework */ = {
			isa = PBXGroup;
			children = (
				93B037ED26A747C6007015C2 /* AppDelegate.swift */,
				93B037EF26A747C6007015C2 /* SceneDelegate.swift */,
				93B037F126A747C6007015C2 /* ViewController.swift */,
				93B037F326A747C6007015C2 /* Main.storyboard */,
				93B037F626A747C9007015C2 /* Assets.xcassets */,
				93B037F826A747C9007015C2 /* LaunchScreen.storyboard */,
				93B037FB26A747C9007015C2 /* Info.plist */,
			);
			path = Prework;
			sourceTree = "<group>";
		};
		93B0380326A747C9007015C2 /* PreworkTests */ = {
			isa = PBXGroup;
			children = (
				93B0380426A747C9007015C2 /* PreworkTests.swift */,
				93B0380626A747C9007015C2 /* Info.plist */,
			);
			path = PreworkTests;
			sourceTree = "<group>";
		};
		93B0380E26A747C9007015C2 /* PreworkUITests */ = {
			isa = PBXGroup;
			children = (
				93B0380F26A747C9007015C2 /* PreworkUITests.swift */,
				93B0381126A747C9007015C2 /* Info.plist */,
			);
			path = PreworkUITests;
			sourceTree = "<group>";
		};
/* End PBXGroup section */

/* Begin PBXNativeTarget section */
		93B037E926A747C5007015C2 /* Prework */ = {
			isa = PBXNativeTarget;
			buildConfigurationList = 93B0381426A747C9007015C2 /* Build configuration list for PBXNativeTarget "Prework" */;
			buildPhases = (
				93B037E626A747C5007015C2 /* Sources */,
				93B037E726A747C5007015C2 /* Frameworks */,
				93B037E826A747C5007015C2 /* Resources */,
			);
			buildRules = (
			);
			dependencies = (
			);
			name = Prework;
			productName = Prework;
			productReference = 93B037EA26A747C6007015C2 /* Prework.app */;
			productType = "com.apple.product-type.application";
		};
		93B037FF26A747C9007015C2 /* PreworkTests */ = {
			isa = PBXNativeTarget;
			buildConfigurationList = 93B0381726A747C9007015C2 /* Build configuration list for PBXNativeTarget "PreworkTests" */;
			buildPhases = (
				93B037FC26A747C9007015C2 /* Sources */,
				93B037FD26A747C9007015C2 /* Frameworks */,
				93B037FE26A747C9007015C2 /* Resources */,
			);
			buildRules = (
			);
			dependencies = (
				93B0380226A747C9007015C2 /* PBXTargetDependency */,
			);
			name = PreworkTests;
			productName = PreworkTests;
			productReference = 93B0380026A747C9007015C2 /* PreworkTests.xctest */;
			productType = "com.apple.product-type.bundle.unit-test";
		};
		93B0380A26A747C9007015C2 /* PreworkUITests */ = {
			isa = PBXNativeTarget;
			buildConfigurationList = 93B0381A26A747C9007015C2 /* Build configuration list for PBXNativeTarget "PreworkUITests" */;
			buildPhases = (
				93B0380726A747C9007015C2 /* Sources */,
				93B0380826A747C9007015C2 /* Frameworks */,
				93B0380926A747C9007015C2 /* Resources */,
			);
			buildRules = (
			);
			dependencies = (
				93B0380D26A747C9007015C2 /* PBXTargetDependency */,
			);
			name = PreworkUITests;
			productName = PreworkUITests;
			productReference = 93B0380B26A747C9007015C2 /* PreworkUITests.xctest */;
			productType = "com.apple.product-type.bundle.ui-testing";
		};
/* End PBXNativeTarget section */

/* Begin PBXProject section */
		93B037E226A747C5007015C2 /* Project object */ = {
			isa = PBXProject;
			attributes = {
				LastSwiftUpdateCheck = 1250;
				LastUpgradeCheck = 1250;
				TargetAttributes = {
					93B037E926A747C5007015C2 = {
						CreatedOnToolsVersion = 12.5.1;
					};
					93B037FF26A747C9007015C2 = {
						CreatedOnToolsVersion = 12.5.1;
						TestTargetID = 93B037E926A747C5007015C2;
					};
					93B0380A26A747C9007015C2 = {
						CreatedOnToolsVersion = 12.5.1;
						TestTargetID = 93B037E926A747C5007015C2;
					};
				};
			};
			buildConfigurationList = 93B037E526A747C5007015C2 /* Build configuration list for PBXProject "Prework" */;
			compatibilityVersion = "Xcode 9.3";
			developmentRegion = en;
			hasScannedForEncodings = 0;
			knownRegions = (
				en,
				Base,
			);
			mainGroup = 93B037E126A747C5007015C2;
			productRefGroup = 93B037EB26A747C6007015C2 /* Products */;
			projectDirPath = "";
			projectRoot = "";
			targets = (
				93B037E926A747C5007015C2 /* Prework */,
				93B037FF26A747C9007015C2 /* PreworkTests */,
				93B0380A26A747C9007015C2 /* PreworkUITests */,
			);
		};
/* End PBXProject section */

/* Begin PBXResourcesBuildPhase section */
		93B037E826A747C5007015C2 /* Resources */ = {
			isa = PBXResourcesBuildPhase;
			buildActionMask = 2147483647;
			files = (
				93B037FA26A747C9007015C2 /* LaunchScreen.storyboard in Resources */,
				93B037F726A747C9007015C2 /* Assets.xcassets in Resources */,
				93B037F526A747C6007015C2 /* Main.storyboard in Resources */,
			);
			runOnlyForDeploymentPostprocessing = 0;
		};
		93B037FE26A747C9007015C2 /* Resources */ = {
			isa = PBXResourcesBuildPhase;
			buildActionMask = 2147483647;
			files = (
			);
			runOnlyForDeploymentPostprocessing = 0;
		};
		93B0380926A747C9007015C2 /* Resources */ = {
			isa = PBXResourcesBuildPhase;
			buildActionMask = 2147483647;
			files = (
			);
			runOnlyForDeploymentPostprocessing = 0;
		};
/* End PBXResourcesBuildPhase section */

/* Begin PBXSourcesBuildPhase section */
		93B037E626A747C5007015C2 /* Sources */ = {
			isa = PBXSourcesBuildPhase;
			buildActionMask = 2147483647;
			files = (
				93B037F226A747C6007015C2 /* ViewController.swift in Sources */,
				93B037EE26A747C6007015C2 /* AppDelegate.swift in Sources */,
				93B037F026A747C6007015C2 /* SceneDelegate.swift in Sources */,
			);
			runOnlyForDeploymentPostprocessing = 0;
		};
		93B037FC26A747C9007015C2 /* Sources */ = {
			isa = PBXSourcesBuildPhase;
			buildActionMask = 2147483647;
			files = (
				93B0380526A747C9007015C2 /* PreworkTests.swift in Sources */,
			);
			runOnlyForDeploymentPostprocessing = 0;
		};
		93B0380726A747C9007015C2 /* Sources */ = {
			isa = PBXSourcesBuildPhase;
			buildActionMask = 2147483647;
			files = (
				93B0381026A747C9007015C2 /* PreworkUITests.swift in Sources */,
			);
			runOnlyForDeploymentPostprocessing = 0;
		};
/* End PBXSourcesBuildPhase section */

/* Begin PBXTargetDependency section */
		93B0380226A747C9007015C2 /* PBXTargetDependency */ = {
			isa = PBXTargetDependency;
			target = 93B037E926A747C5007015C2 /* Prework */;
			targetProxy = 93B0380126A747C9007015C2 /* PBXContainerItemProxy */;
		};
		93B0380D26A747C9007015C2 /* PBXTargetDependency */ = {
			isa = PBXTargetDependency;
			target = 93B037E926A747C5007015C2 /* Prework */;
			targetProxy = 93B0380C26A747C9007015C2 /* PBXContainerItemProxy */;
		};
/* End PBXTargetDependency section */

/* Begin PBXVariantGroup section */
		93B037F326A747C6007015C2 /* Main.storyboard */ = {
			isa = PBXVariantGroup;
			children = (
				93B037F426A747C6007015C2 /* Base */,
			);
			name = Main.storyboard;
			sourceTree = "<group>";
		};
		93B037F826A747C9007015C2 /* LaunchScreen.storyboard */ = {
			isa = PBXVariantGroup;
			children = (
				93B037F926A747C9007015C2 /* Base */,
			);
			name = LaunchScreen.storyboard;
			sourceTree = "<group>";
		};
/* End PBXVariantGroup section */

/* Begin XCBuildConfiguration section */
		93B0381226A747C9007015C2 /* Debug */ = {
			isa = XCBuildConfiguration;
			buildSettings = {
				ALWAYS_SEARCH_USER_PATHS = NO;
				CLANG_ANALYZER_NONNULL = YES;
				CLANG_ANALYZER_NUMBER_OBJECT_CONVERSION = YES_AGGRESSIVE;
				CLANG_CXX_LANGUAGE_STANDARD = "gnu++14";
				CLANG_CXX_LIBRARY = "libc++";
				CLANG_ENABLE_MODULES = YES;
				CLANG_ENABLE_OBJC_ARC = YES;
				CLANG_ENABLE_OBJC_WEAK = YES;
				CLANG_WARN_BLOCK_CAPTURE_AUTORELEASING = YES;
				CLANG_WARN_BOOL_CONVERSION = YES;
				CLANG_WARN_COMMA = YES;
				CLANG_WARN_CONSTANT_CONVERSION = YES;
				CLANG_WARN_DEPRECATED_OBJC_IMPLEMENTATIONS = YES;
				CLANG_WARN_DIRECT_OBJC_ISA_USAGE = YES_ERROR;
				CLANG_WARN_DOCUMENTATION_COMMENTS = YES;
				CLANG_WARN_EMPTY_BODY = YES;
				CLANG_WARN_ENUM_CONVERSION = YES;
				CLANG_WARN_INFINITE_RECURSION = YES;
				CLANG_WARN_INT_CONVERSION = YES;
				CLANG_WARN_NON_LITERAL_NULL_CONVERSION = YES;
				CLANG_WARN_OBJC_IMPLICIT_RETAIN_SELF = YES;
				CLANG_WARN_OBJC_LITERAL_CONVERSION = YES;
				CLANG_WARN_OBJC_ROOT_CLASS = YES_ERROR;
				CLANG_WARN_QUOTED_INCLUDE_IN_FRAMEWORK_HEADER = YES;
				CLANG_WARN_RANGE_LOOP_ANALYSIS = YES;
				CLANG_WARN_STRICT_PROTOTYPES = YES;
				CLANG_WARN_SUSPICIOUS_MOVE = YES;
				CLANG_WARN_UNGUARDED_AVAILABILITY = YES_AGGRESSIVE;
				CLANG_WARN_UNREACHABLE_CODE = YES;
				CLANG_WARN__DUPLICATE_METHOD_MATCH = YES;
				COPY_PHASE_STRIP = NO;
				DEBUG_INFORMATION_FORMAT = dwarf;
				ENABLE_STRICT_OBJC_MSGSEND = YES;
				ENABLE_TESTABILITY = YES;
				GCC_C_LANGUAGE_STANDARD = gnu11;
				GCC_DYNAMIC_NO_PIC = NO;
				GCC_NO_COMMON_BLOCKS = YES;
				GCC_OPTIMIZATION_LEVEL = 0;
				GCC_PREPROCESSOR_DEFINITIONS = (
					"DEBUG=1",
					"$(inherited)",
				);
				GCC_WARN_64_TO_32_BIT_CONVERSION = YES;
				GCC_WARN_ABOUT_RETURN_TYPE = YES_ERROR;
				GCC_WARN_UNDECLARED_SELECTOR = YES;
				GCC_WARN_UNINITIALIZED_AUTOS = YES_AGGRESSIVE;
				GCC_WARN_UNUSED_FUNCTION = YES;
				GCC_WARN_UNUSED_VARIABLE = YES;
				IPHONEOS_DEPLOYMENT_TARGET = 14.5;
				MTL_ENABLE_DEBUG_INFO = INCLUDE_SOURCE;
				MTL_FAST_MATH = YES;
				ONLY_ACTIVE_ARCH = YES;
				SDKROOT = iphoneos;
				SWIFT_ACTIVE_COMPILATION_CONDITIONS = DEBUG;
				SWIFT_OPTIMIZATION_LEVEL = "-Onone";
			};
			name = Debug;
		};
		93B0381326A747C9007015C2 /* Release */ = {
			isa = XCBuildConfiguration;
			buildSettings = {
				ALWAYS_SEARCH_USER_PATHS = NO;
				CLANG_ANALYZER_NONNULL = YES;
				CLANG_ANALYZER_NUMBER_OBJECT_CONVERSION = YES_AGGRESSIVE;
				CLANG_CXX_LANGUAGE_STANDARD = "gnu++14";
				CLANG_CXX_LIBRARY = "libc++";
				CLANG_ENABLE_MODULES = YES;
				CLANG_ENABLE_OBJC_ARC = YES;
				CLANG_ENABLE_OBJC_WEAK = YES;
				CLANG_WARN_BLOCK_CAPTURE_AUTORELEASING = YES;
				CLANG_WARN_BOOL_CONVERSION = YES;
				CLANG_WARN_COMMA = YES;
				CLANG_WARN_CONSTANT_CONVERSION = YES;
				CLANG_WARN_DEPRECATED_OBJC_IMPLEMENTATIONS = YES;
				CLANG_WARN_DIRECT_OBJC_ISA_USAGE = YES_ERROR;
				CLANG_WARN_DOCUMENTATION_COMMENTS = YES;
				CLANG_WARN_EMPTY_BODY = YES;
				CLANG_WARN_ENUM_CONVERSION = YES;
				CLANG_WARN_INFINITE_RECURSION = YES;
				CLANG_WARN_INT_CONVERSION = YES;
				CLANG_WARN_NON_LITERAL_NULL_CONVERSION = YES;
				CLANG_WARN_OBJC_IMPLICIT_RETAIN_SELF = YES;
				CLANG_WARN_OBJC_LITERAL_CONVERSION = YES;
				CLANG_WARN_OBJC_ROOT_CLASS = YES_ERROR;
				CLANG_WARN_QUOTED_INCLUDE_IN_FRAMEWORK_HEADER = YES;
				CLANG_WARN_RANGE_LOOP_ANALYSIS = YES;
				CLANG_WARN_STRICT_PROTOTYPES = YES;
				CLANG_WARN_SUSPICIOUS_MOVE = YES;
				CLANG_WARN_UNGUARDED_AVAILABILITY = YES_AGGRESSIVE;
				CLANG_WARN_UNREACHABLE_CODE = YES;
				CLANG_WARN__DUPLICATE_METHOD_MATCH = YES;
				COPY_PHASE_STRIP = NO;
				DEBUG_INFORMATION_FORMAT = "dwarf-with-dsym";
				ENABLE_NS_ASSERTIONS = NO;
				ENABLE_STRICT_OBJC_MSGSEND = YES;
				GCC_C_LANGUAGE_STANDARD = gnu11;
				GCC_NO_COMMON_BLOCKS = YES;
				GCC_WARN_64_TO_32_BIT_CONVERSION = YES;
				GCC_WARN_ABOUT_RETURN_TYPE = YES_ERROR;
				GCC_WARN_UNDECLARED_SELECTOR = YES;
				GCC_WARN_UNINITIALIZED_AUTOS = YES_AGGRESSIVE;
				GCC_WARN_UNUSED_FUNCTION = YES;
				GCC_WARN_UNUSED_VARIABLE = YES;
				IPHONEOS_DEPLOYMENT_TARGET = 14.5;
				MTL_ENABLE_DEBUG_INFO = NO;
				MTL_FAST_MATH = YES;
				SDKROOT = iphoneos;
				SWIFT_COMPILATION_MODE = wholemodule;
				SWIFT_OPTIMIZATION_LEVEL = "-O";
				VALIDATE_PRODUCT = YES;
			};
			name = Release;
		};
		93B0381526A747C9007015C2 /* Debug */ = {
			isa = XCBuildConfiguration;
			buildSettings = {
				ASSETCATALOG_COMPILER_APPICON_NAME = AppIcon;
				ASSETCATALOG_COMPILER_GLOBAL_ACCENT_COLOR_NAME = AccentColor;
				CODE_SIGN_STYLE = Automatic;
				INFOPLIST_FILE = Prework/Info.plist;
				LD_RUNPATH_SEARCH_PATHS = (
					"$(inherited)",
					"@executable_path/Frameworks",
				);
				PRODUCT_BUNDLE_IDENTIFIER = wang321.Prework;
				PRODUCT_NAME = "$(TARGET_NAME)";
				SWIFT_VERSION = 5.0;
				TARGETED_DEVICE_FAMILY = "1,2";
			};
			name = Debug;
		};
		93B0381626A747C9007015C2 /* Release */ = {
			isa = XCBuildConfiguration;
			buildSettings = {
				ASSETCATALOG_COMPILER_APPICON_NAME = AppIcon;
				ASSETCATALOG_COMPILER_GLOBAL_ACCENT_COLOR_NAME = AccentColor;
				CODE_SIGN_STYLE = Automatic;
				INFOPLIST_FILE = Prework/Info.plist;
				LD_RUNPATH_SEARCH_PATHS = (
					"$(inherited)",
					"@executable_path/Frameworks",
				);
				PRODUCT_BUNDLE_IDENTIFIER = wang321.Prework;
				PRODUCT_NAME = "$(TARGET_NAME)";
				SWIFT_VERSION = 5.0;
				TARGETED_DEVICE_FAMILY = "1,2";
			};
			name = Release;
		};
		93B0381826A747C9007015C2 /* Debug */ = {
			isa = XCBuildConfiguration;
			buildSettings = {
				ALWAYS_EMBED_SWIFT_STANDARD_LIBRARIES = YES;
				BUNDLE_LOADER = "$(TEST_HOST)";
				CODE_SIGN_STYLE = Automatic;
				INFOPLIST_FILE = PreworkTests/Info.plist;
				IPHONEOS_DEPLOYMENT_TARGET = 14.5;
				LD_RUNPATH_SEARCH_PATHS = (
					"$(inherited)",
					"@executable_path/Frameworks",
					"@loader_path/Frameworks",
				);
				PRODUCT_BUNDLE_IDENTIFIER = wang321.PreworkTests;
				PRODUCT_NAME = "$(TARGET_NAME)";
				SWIFT_VERSION = 5.0;
				TARGETED_DEVICE_FAMILY = "1,2";
				TEST_HOST = "$(BUILT_PRODUCTS_DIR)/Prework.app/Prework";
			};
			name = Debug;
		};
		93B0381926A747C9007015C2 /* Release */ = {
			isa = XCBuildConfiguration;
			buildSettings = {
				ALWAYS_EMBED_SWIFT_STANDARD_LIBRARIES = YES;
				BUNDLE_LOADER = "$(TEST_HOST)";
				CODE_SIGN_STYLE = Automatic;
				INFOPLIST_FILE = PreworkTests/Info.plist;
				IPHONEOS_DEPLOYMENT_TARGET = 14.5;
				LD_RUNPATH_SEARCH_PATHS = (
					"$(inherited)",
					"@executable_path/Frameworks",
					"@loader_path/Frameworks",
				);
				PRODUCT_BUNDLE_IDENTIFIER = wang321.PreworkTests;
				PRODUCT_NAME = "$(TARGET_NAME)";
				SWIFT_VERSION = 5.0;
				TARGETED_DEVICE_FAMILY = "1,2";
				TEST_HOST = "$(BUILT_PRODUCTS_DIR)/Prework.app/Prework";
			};
			name = Release;
		};
		93B0381B26A747C9007015C2 /* Debug */ = {
			isa = XCBuildConfiguration;
			buildSettings = {
				ALWAYS_EMBED_SWIFT_STANDARD_LIBRARIES = YES;
				CODE_SIGN_STYLE = Automatic;
				INFOPLIST_FILE = PreworkUITests/Info.plist;
				LD_RUNPATH_SEARCH_PATHS = (
					"$(inherited)",
					"@executable_path/Frameworks",
					"@loader_path/Frameworks",
				);
				PRODUCT_BUNDLE_IDENTIFIER = wang321.PreworkUITests;
				PRODUCT_NAME = "$(TARGET_NAME)";
				SWIFT_VERSION = 5.0;
				TARGETED_DEVICE_FAMILY = "1,2";
				TEST_TARGET_NAME = Prework;
			};
			name = Debug;
		};
		93B0381C26A747C9007015C2 /* Release */ = {
			isa = XCBuildConfiguration;
			buildSettings = {
				ALWAYS_EMBED_SWIFT_STANDARD_LIBRARIES = YES;
				CODE_SIGN_STYLE = Automatic;
				INFOPLIST_FILE = PreworkUITests/Info.plist;
				LD_RUNPATH_SEARCH_PATHS = (
					"$(inherited)",
					"@executable_path/Frameworks",
					"@loader_path/Frameworks",
				);
				PRODUCT_BUNDLE_IDENTIFIER = wang321.PreworkUITests;
				PRODUCT_NAME = "$(TARGET_NAME)";
				SWIFT_VERSION = 5.0;
				TARGETED_DEVICE_FAMILY = "1,2";
				TEST_TARGET_NAME = Prework;
			};
			name = Release;
		};
/* End XCBuildConfiguration section */

/* Begin XCConfigurationList section */
		93B037E526A747C5007015C2 /* Build configuration list for PBXProject "Prework" */ = {
			isa = XCConfigurationList;
			buildConfigurations = (
				93B0381226A747C9007015C2 /* Debug */,
				93B0381326A747C9007015C2 /* Release */,
			);
			defaultConfigurationIsVisible = 0;
			defaultConfigurationName = Release;
		};
		93B0381426A747C9007015C2 /* Build configuration list for PBXNativeTarget "Prework" */ = {
			isa = XCConfigurationList;
			buildConfigurations = (
				93B0381526A747C9007015C2 /* Debug */,
				93B0381626A747C9007015C2 /* Release */,
			);
			defaultConfigurationIsVisible = 0;
			defaultConfigurationName = Release;
		};
		93B0381726A747C9007015C2 /* Build configuration list for PBXNativeTarget "PreworkTests" */ = {
			isa = XCConfigurationList;
			buildConfigurations = (
				93B0381826A747C9007015C2 /* Debug */,
				93B0381926A747C9007015C2 /* Release */,
			);
			defaultConfigurationIsVisible = 0;
			defaultConfigurationName = Release;
		};
		93B0381A26A747C9007015C2 /* Build configuration list for PBXNativeTarget "PreworkUITests" */ = {
			isa = XCConfigurationList;
			buildConfigurations = (
				93B0381B26A747C9007015C2 /* Debug */,
				93B0381C26A747C9007015C2 /* Release */,
			);
			defaultConfigurationIsVisible = 0;
			defaultConfigurationName = Release;
		};
/* End XCConfigurationList section */
	};
	rootObject = 93B037E226A747C5007015C2 /* Project object */;
}
